
Microsoft Visual Studio Solution File, Format Version 12.00
# Visual Studio Version 17
VisualStudioVersion = 17.10.34916.146
MinimumVisualStudioVersion = 10.0.40219.1
Project("{FAE04EC0-301F-11D3-BF4B-00C04F79EFBC}") = "MetaCare", "MetaCare\MetaCare.csproj", "{471431BE-8DEA-4462-BBED-3BC069190D20}"
EndProject
Project("{FAE04EC0-301F-11D3-BF4B-00C04F79EFBC}") = "PasswordEncrypt", "PasswordEncrypt\PasswordEncrypt.csproj", "{C1913488-4984-4344-8B4A-686E02BD8664}"
EndProject
Global
	GlobalSection(SolutionConfigurationPlatforms) = preSolution
		Debug|Any CPU = Debug|Any CPU
		Release|Any CPU = Release|Any CPU
	EndGlobalSection
	GlobalSection(ProjectConfigurationPlatforms) = postSolution
		{471431BE-8DEA-4462-BBED-3BC069190D20}.Debug|Any CPU.ActiveCfg = Debug|Any CPU
		{471431BE-8DEA-4462-BBED-3BC069190D20}.Debug|Any CPU.Build.0 = Debug|Any CPU
		{471431BE-8DEA-4462-BBED-3BC069190D20}.Release|Any CPU.ActiveCfg = Release|Any CPU
		{471431BE-8DEA-4462-BBED-3BC069190D20}.Release|Any CPU.Build.0 = Release|Any CPU
		{C1913488-4984-4344-8B4A-686E02BD8664}.Debug|Any CPU.ActiveCfg = Debug|Any CPU
		{C1913488-4984-4344-8B4A-686E02BD8664}.Debug|Any CPU.Build.0 = Debug|Any CPU
		{C1913488-4984-4344-8B4A-686E02BD8664}.Release|Any CPU.ActiveCfg = Release|Any CPU
		{C1913488-4984-4344-8B4A-686E02BD8664}.Release|Any CPU.Build.0 = Release|Any CPU
	EndGlobalSection
	GlobalSection(SolutionProperties) = preSolution
		HideSolutionNode = FALSE
	EndGlobalSection
	GlobalSection(ExtensibilityGlobals) = postSolution
		SolutionGuid = {C2F2743F-5C30-4BC6-B603-79063AA11B4B}
	EndGlobalSection
EndGlobal
